# This file is automatically @generated by Poetry 2.2.1 and should not be changed by hand.

[[package]]
name = "colorama"
version = "0.4.6"
description = "Cross-platform colored terminal text."
optional = false
python-versions = "!=3.0.*,!=3.1.*,!=3.2.*,!=3.3.*,!=3.4.*,!=3.5.*,!=3.6.*,>=2.7"
groups = ["dev"]
markers = "sys_platform == \"win32\""
files = [
    {file = "colorama-0.4.6-py2.py3-none-any.whl", hash = "sha256:4f1d9991f5acc0ca119f9d443620b77f9d6b33703e51011c16baf57afb285fc6"},
    {file = "colorama-0.4.6.tar.gz", hash = "sha256:08695f5cb7ed6e0531a20572697297273c47b8cae5a63ffc6d6ed5c201be6e44"},
]

[[package]]
name = "gitdb"
version = "4.0.12"
description = "Git Object Database"
optional = false
python-versions = ">=3.7"
groups = ["main"]
files = [
    {file = "gitdb-4.0.12-py3-none-any.whl", hash = "sha256:67073e15955400952c6565cc3e707c554a4eea2e428946f7a4c162fab9bd9bcf"},
    {file = "gitdb-4.0.12.tar.gz", hash = "sha256:5ef71f855d191a3326fcfbc0d5da835f26b13fbcba60c32c21091c349ffdb571"},
]

[package.dependencies]
smmap = ">=3.0.1,<6"

[[package]]
name = "gitpython"
version = "3.1.45"
description = "GitPython is a Python library used to interact with Git repositories"
optional = false
python-versions = ">=3.7"
groups = ["main"]
files = [
    {file = "gitpython-3.1.45-py3-none-any.whl", hash = "sha256:8908cb2e02fb3b93b7eb0f2827125cb699869470432cc885f019b8fd0fccff77"},
    {file = "gitpython-3.1.45.tar.gz", hash = "sha256:85b0ee964ceddf211c41b9f27a49086010a190fd8132a24e21f362a4b36a791c"},
]

[package.dependencies]
gitdb = ">=4.0.1,<5"

[package.extras]
doc = ["sphinx (>=7.1.2,<7.2)", "sphinx-autodoc-typehints", "sphinx_rtd_theme"]
test = ["coverage[toml]", "ddt (>=1.1.1,!=1.4.3)", "mock ; python_version < \"3.8\"", "mypy", "pre-commit", "pytest (>=7.3.1)", "pytest-cov", "pytest-instafail", "pytest-mock", "pytest-sugar", "typing-extensions ; python_version < \"3.11\""]

[[package]]
name = "iniconfig"
version = "2.1.0"
description = "brain-dead simple config-ini parsing"
optional = false
python-versions = ">=3.8"
groups = ["dev"]
files = [
    {file = "iniconfig-2.1.0-py3-none-any.whl", hash = "sha256:9deba5723312380e77435581c6bf4935c94cbfab9b1ed33ef8d238ea168eb760"},
    {file = "iniconfig-2.1.0.tar.gz", hash = "sha256:3abbd2e30b36733fee78f9c7f7308f2d0050e88f0087fd25c2645f63c773e1c7"},
]

[[package]]
name = "markdown"
version = "3.9"
description = "Python implementation of John Gruber's Markdown."
optional = false
python-versions = ">=3.9"
groups = ["main"]
files = [
    {file = "markdown-3.9-py3-none-any.whl", hash = "sha256:9f4d91ed810864ea88a6f32c07ba8bee1346c0cc1f6b1f9f6c822f2a9667d280"},
    {file = "markdown-3.9.tar.gz", hash = "sha256:d2900fe1782bd33bdbbd56859defef70c2e78fc46668f8eb9df3128138f2cb6a"},
]

[package.extras]
docs = ["mdx_gh_links (>=0.2)", "mkdocs (>=1.6)", "mkdocs-gen-files", "mkdocs-literate-nav", "mkdocs-nature (>=0.6)", "mkdocs-section-index", "mkdocstrings[python]"]
testing = ["coverage", "pyyaml"]

[[package]]
name = "packaging"
version = "25.0"
description = "Core utilities for Python packages"
optional = false
python-versions = ">=3.8"
groups = ["dev"]
files = [
    {file = "packaging-25.0-py3-none-any.whl", hash = "sha256:29572ef2b1f17581046b3a2227d5c611fb25ec70ca1ba8554b24b0e69331a484"},
    {file = "packaging-25.0.tar.gz", hash = "sha256:d443872c98d677bf60f6a1f2f8c1cb748e8fe762d2bf9d3148b5599295b0fc4f"},
]

[[package]]
name = "pluggy"
version = "1.6.0"
description = "plugin and hook calling mechanisms for python"
optional = false
python-versions = ">=3.9"
groups = ["dev"]
files = [
    {file = "pluggy-1.6.0-py3-none-any.whl", hash = "sha256:e920276dd6813095e9377c0bc5566d94c932c33b27a3e3945d8389c374dd4746"},
    {file = "pluggy-1.6.0.tar.gz", hash = "sha256:7dcc130b76258d33b90f61b658791dede3486c3e6bfb003ee5c9bfb396dd22f3"},
]

[package.extras]
dev = ["pre-commit", "tox"]
testing = ["coverage", "pytest", "pytest-benchmark"]

[[package]]
name = "pygments"
version = "2.19.2"
description = "Pygments is a syntax highlighting package written in Python."
optional = false
python-versions = ">=3.8"
groups = ["dev"]
files = [
    {file = "pygments-2.19.2-py3-none-any.whl", hash = "sha256:86540386c03d588bb81d44bc3928634ff26449851e99741617ecb9037ee5ec0b"},
    {file = "pygments-2.19.2.tar.gz", hash = "sha256:636cb2477cec7f8952536970bc533bc43743542f70392ae026374600add5b887"},
]

[package.extras]
windows-terminal = ["colorama (>=0.4.6)"]

[[package]]
name = "pyside6"
version = "6.10.0"
description = "Python bindings for the Qt cross-platform application and UI framework"
optional = false
python-versions = "<3.14,>=3.9"
groups = ["main"]
files = [
    {file = "pyside6-6.10.0-cp39-abi3-macosx_13_0_universal2.whl", hash = "sha256:c2cbc5dc2a164e3c7c51b3435e24203e90e5edd518c865466afccbd2e5872bb0"},
    {file = "pyside6-6.10.0-cp39-abi3-manylinux_2_34_x86_64.whl", hash = "sha256:ae8c3c8339cd7c3c9faa7cc5c52670dcc8662ccf4b63a6fed61c6345b90c4c01"},
    {file = "pyside6-6.10.0-cp39-abi3-manylinux_2_39_aarch64.whl", hash = "sha256:9f402f883e640048fab246d36e298a5e16df9b18ba2e8c519877e472d3602820"},
    {file = "pyside6-6.10.0-cp39-abi3-win_amd64.whl", hash = "sha256:70a8bcc73ea8d6baab70bba311eac77b9a1d31f658d0b418e15eb6ea36c97e6f"},
    {file = "pyside6-6.10.0-cp39-abi3-win_arm64.whl", hash = "sha256:4b709bdeeb89d386059343a5a706fc185cee37b517bda44c7d6b64d5fdaf3339"},
]

[package.dependencies]
PySide6_Addons = "6.10.0"
PySide6_Essentials = "6.10.0"
shiboken6 = "6.10.0"

[[package]]
name = "pyside6-addons"
version = "6.10.0"
description = "Python bindings for the Qt cross-platform application and UI framework (Addons)"
optional = false
python-versions = "<3.14,>=3.9"
groups = ["main"]
files = [
    {file = "pyside6_addons-6.10.0-cp39-abi3-macosx_13_0_universal2.whl", hash = "sha256:88e61e21ee4643cdd9efb39ec52f4dc1ac74c0b45c5b7fa453d03c094f0a8a5c"},
    {file = "pyside6_addons-6.10.0-cp39-abi3-manylinux_2_34_x86_64.whl", hash = "sha256:08d4ed46c4c9a353a9eb84134678f8fdd4ce17fb8cce2b3686172a7575025464"},
    {file = "pyside6_addons-6.10.0-cp39-abi3-manylinux_2_39_aarch64.whl", hash = "sha256:15d32229d681be0bba1b936c4a300da43d01e1917ada5b57f9e03a387c245ab0"},
    {file = "pyside6_addons-6.10.0-cp39-abi3-win_amd64.whl", hash = "sha256:99d93a32c17c5f6d797c3b90dd58f2a8bae13abde81e85802c34ceafaee11859"},
    {file = "pyside6_addons-6.10.0-cp39-abi3-win_arm64.whl", hash = "sha256:92536427413f3b6557cf53f1a515cd766725ee46a170aff57ad2ff1dfce0ffb1"},
]

[package.dependencies]
PySide6_Essentials = "6.10.0"
shiboken6 = "6.10.0"

[[package]]
name = "pyside6-essentials"
version = "6.10.0"
description = "Python bindings for the Qt cross-platform application and UI framework (Essentials)"
optional = false
python-versions = "<3.14,>=3.9"
groups = ["main"]
files = [
    {file = "pyside6_essentials-6.10.0-cp39-abi3-macosx_13_0_universal2.whl", hash = "sha256:003e871effe1f3e5b876bde715c15a780d876682005a6e989d89f48b8b93e93a"},
    {file = "pyside6_essentials-6.10.0-cp39-abi3-manylinux_2_34_x86_64.whl", hash = "sha256:1d5e013a8698e37ab8ef360e6960794eb5ef20832a8d562e649b8c5a0574b2d8"},
    {file = "pyside6_essentials-6.10.0-cp39-abi3-manylinux_2_39_aarch64.whl", hash = "sha256:b1dd0864f0577a448fb44426b91cafff7ee7cccd1782ba66491e1c668033f998"},
    {file = "pyside6_essentials-6.10.0-cp39-abi3-win_amd64.whl", hash = "sha256:fc167eb211dd1580e20ba90d299e74898e7a5a1306d832421e879641fc03b6fe"},
    {file = "pyside6_essentials-6.10.0-cp39-abi3-win_arm64.whl", hash = "sha256:6dd0936394cb14da2fd8e869899f5e0925a738b1c8d74c2f22503720ea363fb1"},
]

[package.dependencies]
shiboken6 = "6.10.0"

[[package]]
name = "pytest"
version = "8.4.2"
description = "pytest: simple powerful testing with Python"
optional = false
python-versions = ">=3.9"
groups = ["dev"]
files = [
    {file = "pytest-8.4.2-py3-none-any.whl", hash = "sha256:872f880de3fc3a5bdc88a11b39c9710c3497a547cfa9320bc3c5e62fbf272e79"},
    {file = "pytest-8.4.2.tar.gz", hash = "sha256:86c0d0b93306b961d58d62a4db4879f27fe25513d4b969df351abdddb3c30e01"},
]

[package.dependencies]
colorama = {version = ">=0.4", markers = "sys_platform == \"win32\""}
iniconfig = ">=1"
packaging = ">=20"
pluggy = ">=1.5,<2"
pygments = ">=2.7.2"

[package.extras]
dev = ["argcomplete", "attrs (>=19.2)", "hypothesis (>=3.56)", "mock", "requests", "setuptools", "xmlschema"]

[[package]]
name = "shiboken6"
version = "6.10.0"
description = "Python/C++ bindings helper module"
optional = false
python-versions = "<3.14,>=3.9"
groups = ["main"]
files = [
    {file = "shiboken6-6.10.0-cp39-abi3-macosx_13_0_universal2.whl", hash = "sha256:7a5f5f400ebfb3a13616030815708289c2154e701a60b9db7833b843e0bee543"},
    {file = "shiboken6-6.10.0-cp39-abi3-manylinux_2_34_x86_64.whl", hash = "sha256:e612734da515d683696980107cdc0396a3ae0f07b059f0f422ec8a2333810234"},
    {file = "shiboken6-6.10.0-cp39-abi3-manylinux_2_39_aarch64.whl", hash = "sha256:b01377e68d14132360efb0f4b7233006d26aa8ae9bb50edf00960c2a5f52d148"},
    {file = "shiboken6-6.10.0-cp39-abi3-win_amd64.whl", hash = "sha256:0bc5631c1bf150cbef768a17f5f289aae1cb4db6c6b0c19b2421394e27783717"},
    {file = "shiboken6-6.10.0-cp39-abi3-win_arm64.whl", hash = "sha256:dfc4beab5fec7dbbebbb418f3bf99af865d6953aa0795435563d4cbb82093b61"},
]

[[package]]
name = "smmap"
version = "5.0.2"
description = "A pure Python implementation of a sliding window memory map manager"
optional = false
python-versions = ">=3.7"
groups = ["main"]
files = [
    {file = "smmap-5.0.2-py3-none-any.whl", hash = "sha256:b30115f0def7d7531d22a0fb6502488d879e75b260a9db4d0819cfb25403af5e"},
    {file = "smmap-5.0.2.tar.gz", hash = "sha256:26ea65a03958fa0c8a1c7e8c7a58fdc77221b8910f6be2131affade476898ad5"},
]

[metadata]
lock-version = "2.1"
python-versions = ">=3.13,<3.14"
content-hash = "a0552049bb04ea8f37b3c166483e500ca124728fbdcc1a48ce57b05d22db4710"
